Microsoft Visual Studio Solution File, Format Version 12.00
# Visual Studio Version 17
VisualStudioVersion = 17.5.2.0
MinimumVisualStudioVersion = 10.0.40219.1
Project("{FAE04EC0-301F-11D3-BF4B-00C04F79EFBC}") = "ResumeAPI", "ResumeAPI.csproj", "{E8A9A03C-3EF6-5E50-104C-3D2F48E12B65}"
EndProject
Global
	GlobalSection(SolutionConfigurationPlatforms) = preSolution
		Debug|Any CPU = Debug|Any CPU
		Release|Any CPU = Release|Any CPU
	EndGlobalSection
	GlobalSection(ProjectConfigurationPlatforms) = postSolution
		{E8A9A03C-3EF6-5E50-104C-3D2F48E12B65}.Debug|Any CPU.ActiveCfg = Debug|Any CPU
		{E8A9A03C-3EF6-5E50-104C-3D2F48E12B65}.Debug|Any CPU.Build.0 = Debug|Any CPU
		{E8A9A03C-3EF6-5E50-104C-3D2F48E12B65}.Release|Any CPU.ActiveCfg = Release|Any CPU
		{E8A9A03C-3EF6-5E50-104C-3D2F48E12B65}.Release|Any CPU.Build.0 = Release|Any CPU
	EndGlobalSection
	GlobalSection(SolutionProperties) = preSolution
		HideSolutionNode = FALSE
	EndGlobalSection
	GlobalSection(ExtensibilityGlobals) = postSolution
		SolutionGuid = {7FDC26FF-32A2-4343-9719-AD17402DA4E7}
	EndGlobalSection
EndGlobal
